{
  "name": "node",
  "version": "1.0.0",
  "lockfileVersion": 3,
  "requires": true,
  "packages": {
    "": {
      "name": "node",
      "version": "1.0.0",
      "license": "ISC",
      "dependencies": {
        "@annamalia3000/ajs": "^1.0.0"
      }
    },
    "node_modules/@annamalia3000/ajs": {
      "version": "1.0.0",
      "resolved": "https://npm.pkg.github.com/download/@annamalia3000/ajs/1.0.0/49ebba93f1acb28e0555382f9408393ededbd945",
      "integrity": "sha512-/wwv3Tqw0aBM43knDtL8FdSs/QiwgI1XrDHvDEDJd7C4YHTXx+9MGr4iGewEgWlTUv8JUP2AOM6A6HInSEUfow=="
    }
  }
}
